
Microsoft Visual Studio Solution File, Format Version 12.00
# Visual Studio Version 16
VisualStudioVersion = 16.0.31829.152
MinimumVisualStudioVersion = 10.0.40219.1
Project("{FAE04EC0-301F-11D3-BF4B-00C04F79EFBC}") = "RandmarAdaptor", "RandmarAdaptor\RandmarAdaptor.csproj", "{0BFB1A2A-1B81-4CB9-9DC0-5C41EE16001E}"
EndProject
Global
	GlobalSection(SolutionConfigurationPlatforms) = preSolution
		Debug|Any CPU = Debug|Any CPU
		Release|Any CPU = Release|Any CPU
	EndGlobalSection
	GlobalSection(ProjectConfigurationPlatforms) = postSolution
		{0BFB1A2A-1B81-4CB9-9DC0-5C41EE16001E}.Debug|Any CPU.ActiveCfg = Debug|Any CPU
		{0BFB1A2A-1B81-4CB9-9DC0-5C41EE16001E}.Debug|Any CPU.Build.0 = Debug|Any CPU
		{0BFB1A2A-1B81-4CB9-9DC0-5C41EE16001E}.Release|Any CPU.ActiveCfg = Release|Any CPU
		{0BFB1A2A-1B81-4CB9-9DC0-5C41EE16001E}.Release|Any CPU.Build.0 = Release|Any CPU
	EndGlobalSection
	GlobalSection(SolutionProperties) = preSolution
		HideSolutionNode = FALSE
	EndGlobalSection
	GlobalSection(ExtensibilityGlobals) = postSolution
		SolutionGuid = {D1ACC309-050F-4440-9D0E-9E0A508D2300}
	EndGlobalSection
EndGlobal
